
Microsoft Visual Studio Solution File, Format Version 12.00
# Visual Studio 15
VisualStudioVersion = 15.0.28307.757
MinimumVisualStudioVersion = 10.0.40219.1
Project("{FAE04EC0-301F-11D3-BF4B-00C04F79EFBC}") = "Blaxpro.Validations", "Blaxpro.Validations\Blaxpro.Validations.csproj", "{C2FE1E09-6F93-49EE-8EA5-578C67714785}"
EndProject
Project("{FAE04EC0-301F-11D3-BF4B-00C04F79EFBC}") = "Blaxpro.Validations.Tests", "Blaxpro.Validations.Tests\Blaxpro.Validations.Tests.csproj", "{2B63A691-35F4-49CC-B4E8-66C29BCEB758}"
EndProject
Global
	GlobalSection(SolutionConfigurationPlatforms) = preSolution
		Debug|Any CPU = Debug|Any CPU
		Release|Any CPU = Release|Any CPU
	EndGlobalSection
	GlobalSection(ProjectConfigurationPlatforms) = postSolution
		{C2FE1E09-6F93-49EE-8EA5-578C67714785}.Debug|Any CPU.ActiveCfg = Debug|Any CPU
		{C2FE1E09-6F93-49EE-8EA5-578C67714785}.Debug|Any CPU.Build.0 = Debug|Any CPU
		{C2FE1E09-6F93-49EE-8EA5-578C67714785}.Release|Any CPU.ActiveCfg = Release|Any CPU
		{C2FE1E09-6F93-49EE-8EA5-578C67714785}.Release|Any CPU.Build.0 = Release|Any CPU
		{2B63A691-35F4-49CC-B4E8-66C29BCEB758}.Debug|Any CPU.ActiveCfg = Debug|Any CPU
		{2B63A691-35F4-49CC-B4E8-66C29BCEB758}.Debug|Any CPU.Build.0 = Debug|Any CPU
		{2B63A691-35F4-49CC-B4E8-66C29BCEB758}.Release|Any CPU.ActiveCfg = Release|Any CPU
		{2B63A691-35F4-49CC-B4E8-66C29BCEB758}.Release|Any CPU.Build.0 = Release|Any CPU
	EndGlobalSection
	GlobalSection(SolutionProperties) = preSolution
		HideSolutionNode = FALSE
	EndGlobalSection
	GlobalSection(ExtensibilityGlobals) = postSolution
		SolutionGuid = {B5250D71-8589-41CC-8A66-020F36DF833C}
	EndGlobalSection
EndGlobal
